
Microsoft Visual Studio Solution File, Format Version 12.00
# Visual Studio Version 16
VisualStudioVersion = 16.0.29609.76
MinimumVisualStudioVersion = 10.0.40219.1
Project("{FAE04EC0-301F-11D3-BF4B-00C04F79EFBC}") = "KeepTrack", "KeepTrack\KeepTrack.csproj", "{ADA09B9D-00E4-4921-8C82-631B75E37CB0}"
EndProject
Project("{9A19103F-16F7-4668-BE54-9A1E7A4F7556}") = "GhostCore", "GhostCore\GhostCore.csproj", "{BADF3A0A-CB31-4B33-B424-37AB6F5837F3}"
EndProject
Project("{FAE04EC0-301F-11D3-BF4B-00C04F79EFBC}") = "KeepTrack.Core", "KeepTrack.Core\KeepTrack.Core.csproj", "{5DEA8B63-9740-4001-B95A-41B4A5413D38}"
EndProject
Project("{9A19103F-16F7-4668-BE54-9A1E7A4F7556}") = "KeepTrack.Data", "KeepTrack.Data\KeepTrack.Data.csproj", "{DB26435A-DD09-4316-B6E4-BFF8283D031B}"
EndProject
Global
	GlobalSection(SolutionConfigurationPlatforms) = preSolution
		Debug|Any CPU = Debug|Any CPU
		Debug|ARM = Debug|ARM
		Debug|ARM64 = Debug|ARM64
		Debug|x64 = Debug|x64
		Debug|x86 = Debug|x86
		Release|Any CPU = Release|Any CPU
		Release|ARM = Release|ARM
		Release|ARM64 = Release|ARM64
		Release|x64 = Release|x64
		Release|x86 = Release|x86
	EndGlobalSection
	GlobalSection(ProjectConfigurationPlatforms) = postSolution
		{ADA09B9D-00E4-4921-8C82-631B75E37CB0}.Debug|Any CPU.ActiveCfg = Debug|x86
		{ADA09B9D-00E4-4921-8C82-631B75E37CB0}.Debug|Any CPU.Build.0 = Debug|x86
		{ADA09B9D-00E4-4921-8C82-631B75E37CB0}.Debug|Any CPU.Deploy.0 = Debug|x86
		{ADA09B9D-00E4-4921-8C82-631B75E37CB0}.Debug|ARM.ActiveCfg = Debug|ARM
		{ADA09B9D-00E4-4921-8C82-631B75E37CB0}.Debug|ARM.Build.0 = Debug|ARM
		{ADA09B9D-00E4-4921-8C82-631B75E37CB0}.Debug|ARM.Deploy.0 = Debug|ARM
		{ADA09B9D-00E4-4921-8C82-631B75E37CB0}.Debug|ARM64.ActiveCfg = Debug|ARM64
		{ADA09B9D-00E4-4921-8C82-631B75E37CB0}.Debug|ARM64.Build.0 = Debug|ARM64
		{ADA09B9D-00E4-4921-8C82-631B75E37CB0}.Debug|ARM64.Deploy.0 = Debug|ARM64
		{ADA09B9D-00E4-4921-8C82-631B75E37CB0}.Debug|x64.ActiveCfg = Debug|x64
		{ADA09B9D-00E4-4921-8C82-631B75E37CB0}.Debug|x64.Build.0 = Debug|x64
		{ADA09B9D-00E4-4921-8C82-631B75E37CB0}.Debug|x64.Deploy.0 = Debug|x64
		{ADA09B9D-00E4-4921-8C82-631B75E37CB0}.Debug|x86.ActiveCfg = Debug|x86
		{ADA09B9D-00E4-4921-8C82-631B75E37CB0}.Debug|x86.Build.0 = Debug|x86
		{ADA09B9D-00E4-4921-8C82-631B75E37CB0}.Debug|x86.Deploy.0 = Debug|x86
		{ADA09B9D-00E4-4921-8C82-631B75E37CB0}.Release|Any CPU.ActiveCfg = Release|x86
		{ADA09B9D-00E4-4921-8C82-631B75E37CB0}.Release|ARM.ActiveCfg = Release|ARM
		{ADA09B9D-00E4-4921-8C82-631B75E37CB0}.Release|ARM.Build.0 = Release|ARM
		{ADA09B9D-00E4-4921-8C82-631B75E37CB0}.Release|ARM.Deploy.0 = Release|ARM
		{ADA09B9D-00E4-4921-8C82-631B75E37CB0}.Release|ARM64.ActiveCfg = Release|ARM64
		{ADA09B9D-00E4-4921-8C82-631B75E37CB0}.Release|ARM64.Build.0 = Release|ARM64
		{ADA09B9D-00E4-4921-8C82-631B75E37CB0}.Release|ARM64.Deploy.0 = Release|ARM64
		{ADA09B9D-00E4-4921-8C82-631B75E37CB0}.Release|x64.ActiveCfg = Release|x64
		{ADA09B9D-00E4-4921-8C82-631B75E37CB0}.Release|x64.Build.0 = Release|x64
		{ADA09B9D-00E4-4921-8C82-631B75E37CB0}.Release|x64.Deploy.0 = Release|x64
		{ADA09B9D-00E4-4921-8C82-631B75E37CB0}.Release|x86.ActiveCfg = Release|x86
		{ADA09B9D-00E4-4921-8C82-631B75E37CB0}.Release|x86.Build.0 = Release|x86
		{ADA09B9D-00E4-4921-8C82-631B75E37CB0}.Release|x86.Deploy.0 = Release|x86
		{BADF3A0A-CB31-4B33-B424-37AB6F5837F3}.Debug|Any CPU.ActiveCfg = Debug|Any CPU
		{BADF3A0A-CB31-4B33-B424-37AB6F5837F3}.Debug|Any CPU.Build.0 = Debug|Any CPU
		{BADF3A0A-CB31-4B33-B424-37AB6F5837F3}.Debug|ARM.ActiveCfg = Debug|Any CPU
		{BADF3A0A-CB31-4B33-B424-37AB6F5837F3}.Debug|ARM.Build.0 = Debug|Any CPU
		{BADF3A0A-CB31-4B33-B424-37AB6F5837F3}.Debug|ARM64.ActiveCfg = Debug|Any CPU
		{BADF3A0A-CB31-4B33-B424-37AB6F5837F3}.Debug|ARM64.Build.0 = Debug|Any CPU
		{BADF3A0A-CB31-4B33-B424-37AB6F5837F3}.Debug|x64.ActiveCfg = Debug|Any CPU
		{BADF3A0A-CB31-4B33-B424-37AB6F5837F3}.Debug|x64.Build.0 = Debug|Any CPU
		{BADF3A0A-CB31-4B33-B424-37AB6F5837F3}.Debug|x86.ActiveCfg = Debug|Any CPU
		{BADF3A0A-CB31-4B33-B424-37AB6F5837F3}.Debug|x86.Build.0 = Debug|Any CPU
		{BADF3A0A-CB31-4B33-B424-37AB6F5837F3}.Release|Any CPU.ActiveCfg = Release|Any CPU
		{BADF3A0A-CB31-4B33-B424-37AB6F5837F3}.Release|Any CPU.Build.0 = Release|Any CPU
		{BADF3A0A-CB31-4B33-B424-37AB6F5837F3}.Release|ARM.ActiveCfg = Release|Any CPU
		{BADF3A0A-CB31-4B33-B424-37AB6F5837F3}.Release|ARM.Build.0 = Release|Any CPU
		{BADF3A0A-CB31-4B33-B424-37AB6F5837F3}.Release|ARM64.ActiveCfg = Release|Any CPU
		{BADF3A0A-CB31-4B33-B424-37AB6F5837F3}.Release|ARM64.Build.0 = Release|Any CPU
		{BADF3A0A-CB31-4B33-B424-37AB6F5837F3}.Release|x64.ActiveCfg = Release|Any CPU
		{BADF3A0A-CB31-4B33-B424-37AB6F5837F3}.Release|x64.Build.0 = Release|Any CPU
		{BADF3A0A-CB31-4B33-B424-37AB6F5837F3}.Release|x86.ActiveCfg = Release|Any CPU
		{BADF3A0A-CB31-4B33-B424-37AB6F5837F3}.Release|x86.Build.0 = Release|Any CPU
		{5DEA8B63-9740-4001-B95A-41B4A5413D38}.Debug|Any CPU.ActiveCfg = Debug|Any CPU
		{5DEA8B63-9740-4001-B95A-41B4A5413D38}.Debug|Any CPU.Build.0 = Debug|Any CPU
		{5DEA8B63-9740-4001-B95A-41B4A5413D38}.Debug|ARM.ActiveCfg = Debug|Any CPU
		{5DEA8B63-9740-4001-B95A-41B4A5413D38}.Debug|ARM.Build.0 = Debug|Any CPU
		{5DEA8B63-9740-4001-B95A-41B4A5413D38}.Debug|ARM64.ActiveCfg = Debug|Any CPU
		{5DEA8B63-9740-4001-B95A-41B4A5413D38}.Debug|ARM64.Build.0 = Debug|Any CPU
		{5DEA8B63-9740-4001-B95A-41B4A5413D38}.Debug|x64.ActiveCfg = Debug|Any CPU
		{5DEA8B63-9740-4001-B95A-41B4A5413D38}.Debug|x64.Build.0 = Debug|Any CPU
		{5DEA8B63-9740-4001-B95A-41B4A5413D38}.Debug|x86.ActiveCfg = Debug|Any CPU
		{5DEA8B63-9740-4001-B95A-41B4A5413D38}.Debug|x86.Build.0 = Debug|Any CPU
		{5DEA8B63-9740-4001-B95A-41B4A5413D38}.Release|Any CPU.ActiveCfg = Release|Any CPU
		{5DEA8B63-9740-4001-B95A-41B4A5413D38}.Release|Any CPU.Build.0 = Release|Any CPU
		{5DEA8B63-9740-4001-B95A-41B4A5413D38}.Release|ARM.ActiveCfg = Release|Any CPU
		{5DEA8B63-9740-4001-B95A-41B4A5413D38}.Release|ARM.Build.0 = Release|Any CPU
		{5DEA8B63-9740-4001-B95A-41B4A5413D38}.Release|ARM64.ActiveCfg = Release|Any CPU
		{5DEA8B63-9740-4001-B95A-41B4A5413D38}.Release|ARM64.Build.0 = Release|Any CPU
		{5DEA8B63-9740-4001-B95A-41B4A5413D38}.Release|x64.ActiveCfg = Release|Any CPU
		{5DEA8B63-9740-4001-B95A-41B4A5413D38}.Release|x64.Build.0 = Release|Any CPU
		{5DEA8B63-9740-4001-B95A-41B4A5413D38}.Release|x86.ActiveCfg = Release|Any CPU
		{5DEA8B63-9740-4001-B95A-41B4A5413D38}.Release|x86.Build.0 = Release|Any CPU
		{DB26435A-DD09-4316-B6E4-BFF8283D031B}.Debug|Any CPU.ActiveCfg = Debug|Any CPU
		{DB26435A-DD09-4316-B6E4-BFF8283D031B}.Debug|Any CPU.Build.0 = Debug|Any CPU
		{DB26435A-DD09-4316-B6E4-BFF8283D031B}.Debug|ARM.ActiveCfg = Debug|Any CPU
		{DB26435A-DD09-4316-B6E4-BFF8283D031B}.Debug|ARM.Build.0 = Debug|Any CPU
		{DB26435A-DD09-4316-B6E4-BFF8283D031B}.Debug|ARM64.ActiveCfg = Debug|Any CPU
		{DB26435A-DD09-4316-B6E4-BFF8283D031B}.Debug|ARM64.Build.0 = Debug|Any CPU
		{DB26435A-DD09-4316-B6E4-BFF8283D031B}.Debug|x64.ActiveCfg = Debug|Any CPU
		{DB26435A-DD09-4316-B6E4-BFF8283D031B}.Debug|x64.Build.0 = Debug|Any CPU
		{DB26435A-DD09-4316-B6E4-BFF8283D031B}.Debug|x86.ActiveCfg = Debug|Any CPU
		{DB26435A-DD09-4316-B6E4-BFF8283D031B}.Debug|x86.Build.0 = Debug|Any CPU
		{DB26435A-DD09-4316-B6E4-BFF8283D031B}.Release|Any CPU.ActiveCfg = Release|Any CPU
		{DB26435A-DD09-4316-B6E4-BFF8283D031B}.Release|Any CPU.Build.0 = Release|Any CPU
		{DB26435A-DD09-4316-B6E4-BFF8283D031B}.Release|ARM.ActiveCfg = Release|Any CPU
		{DB26435A-DD09-4316-B6E4-BFF8283D031B}.Release|ARM.Build.0 = Release|Any CPU
		{DB26435A-DD09-4316-B6E4-BFF8283D031B}.Release|ARM64.ActiveCfg = Release|Any CPU
		{DB26435A-DD09-4316-B6E4-BFF8283D031B}.Release|ARM64.Build.0 = Release|Any CPU
		{DB26435A-DD09-4316-B6E4-BFF8283D031B}.Release|x64.ActiveCfg = Release|Any CPU
		{DB26435A-DD09-4316-B6E4-BFF8283D031B}.Release|x64.Build.0 = Release|Any CPU
		{DB26435A-DD09-4316-B6E4-BFF8283D031B}.Release|x86.ActiveCfg = Release|Any CPU
		{DB26435A-DD09-4316-B6E4-BFF8283D031B}.Release|x86.Build.0 = Release|Any CPU
	EndGlobalSection
	GlobalSection(SolutionProperties) = preSolution
		HideSolutionNode = FALSE
	EndGlobalSection
	GlobalSection(ExtensibilityGlobals) = postSolution
		SolutionGuid = {67AC6232-BD43-4206-9258-232D93D353EB}
	EndGlobalSection
EndGlobal
